
Microsoft Visual Studio Solution File, Format Version 12.00
# Visual Studio 15
VisualStudioVersion = 15.0.28010.2036
MinimumVisualStudioVersion = 10.0.40219.1
Project("{9A19103F-16F7-4668-BE54-9A1E7A4F7556}") = "Physio.Web", "Physio.Web\Physio.Web.csproj", "{915A23FA-00A4-4B6E-BB73-950A0B32087F}"
EndProject
Project("{9A19103F-16F7-4668-BE54-9A1E7A4F7556}") = "Physio.Service", "Physio.Service\Physio.Service.csproj", "{EB44F2D0-15E8-4334-B698-098FAD031BA8}"
EndProject
Project("{9A19103F-16F7-4668-BE54-9A1E7A4F7556}") = "Physio.Data", "Physio.Data\Physio.Data.csproj", "{1154C796-8FEE-4BE1-8BED-51B5A910CCE6}"
EndProject
Project("{9A19103F-16F7-4668-BE54-9A1E7A4F7556}") = "Physio.Test", "Physio.Test\Physio.Test.csproj", "{43577BD4-5539-4E1F-8544-1FF99216BD0E}"
EndProject
Project("{FAE04EC0-301F-11D3-BF4B-00C04F79EFBC}") = "Physio.Commmon", "Physio.Commmon\Physio.Commmon.csproj", "{22C36FFC-EACD-4375-AA2C-339FD8D0F2AB}"
EndProject
Global
	GlobalSection(SolutionConfigurationPlatforms) = preSolution
		Debug|Any CPU = Debug|Any CPU
		Release|Any CPU = Release|Any CPU
	EndGlobalSection
	GlobalSection(ProjectConfigurationPlatforms) = postSolution
		{915A23FA-00A4-4B6E-BB73-950A0B32087F}.Debug|Any CPU.ActiveCfg = Debug|Any CPU
		{915A23FA-00A4-4B6E-BB73-950A0B32087F}.Debug|Any CPU.Build.0 = Debug|Any CPU
		{915A23FA-00A4-4B6E-BB73-950A0B32087F}.Release|Any CPU.ActiveCfg = Release|Any CPU
		{915A23FA-00A4-4B6E-BB73-950A0B32087F}.Release|Any CPU.Build.0 = Release|Any CPU
		{EB44F2D0-15E8-4334-B698-098FAD031BA8}.Debug|Any CPU.ActiveCfg = Debug|Any CPU
		{EB44F2D0-15E8-4334-B698-098FAD031BA8}.Debug|Any CPU.Build.0 = Debug|Any CPU
		{EB44F2D0-15E8-4334-B698-098FAD031BA8}.Release|Any CPU.ActiveCfg = Release|Any CPU
		{EB44F2D0-15E8-4334-B698-098FAD031BA8}.Release|Any CPU.Build.0 = Release|Any CPU
		{1154C796-8FEE-4BE1-8BED-51B5A910CCE6}.Debug|Any CPU.ActiveCfg = Debug|Any CPU
		{1154C796-8FEE-4BE1-8BED-51B5A910CCE6}.Debug|Any CPU.Build.0 = Debug|Any CPU
		{1154C796-8FEE-4BE1-8BED-51B5A910CCE6}.Release|Any CPU.ActiveCfg = Release|Any CPU
		{1154C796-8FEE-4BE1-8BED-51B5A910CCE6}.Release|Any CPU.Build.0 = Release|Any CPU
		{43577BD4-5539-4E1F-8544-1FF99216BD0E}.Debug|Any CPU.ActiveCfg = Debug|Any CPU
		{43577BD4-5539-4E1F-8544-1FF99216BD0E}.Debug|Any CPU.Build.0 = Debug|Any CPU
		{43577BD4-5539-4E1F-8544-1FF99216BD0E}.Release|Any CPU.ActiveCfg = Release|Any CPU
		{43577BD4-5539-4E1F-8544-1FF99216BD0E}.Release|Any CPU.Build.0 = Release|Any CPU
		{22C36FFC-EACD-4375-AA2C-339FD8D0F2AB}.Debug|Any CPU.ActiveCfg = Debug|Any CPU
		{22C36FFC-EACD-4375-AA2C-339FD8D0F2AB}.Debug|Any CPU.Build.0 = Debug|Any CPU
		{22C36FFC-EACD-4375-AA2C-339FD8D0F2AB}.Release|Any CPU.ActiveCfg = Release|Any CPU
		{22C36FFC-EACD-4375-AA2C-339FD8D0F2AB}.Release|Any CPU.Build.0 = Release|Any CPU
	EndGlobalSection
	GlobalSection(SolutionProperties) = preSolution
		HideSolutionNode = FALSE
	EndGlobalSection
	GlobalSection(ExtensibilityGlobals) = postSolution
		SolutionGuid = {C4EF07B8-4F5E-45E4-9A4D-894D26E857AA}
	EndGlobalSection
EndGlobal
